
Microsoft Visual Studio Solution File, Format Version 12.00
# Visual Studio 15
VisualStudioVersion = 15.0.28307.102
MinimumVisualStudioVersion = 10.0.40219.1
Project("{FAE04EC0-301F-11D3-BF4B-00C04F79EFBC}") = "Garsonum_Barcode.Android", "Garsonum_Barcode\Garsonum_Barcode.Android\Garsonum_Barcode.Android.csproj", "{EDFE3A04-6B4B-44FB-B8D1-ABF8D3398322}"
EndProject
Project("{FAE04EC0-301F-11D3-BF4B-00C04F79EFBC}") = "Garsonum_Barcode.iOS", "Garsonum_Barcode\Garsonum_Barcode.iOS\Garsonum_Barcode.iOS.csproj", "{41796E6F-38C8-4D78-BC11-ABAE5EABF024}"
EndProject
Project("{FAE04EC0-301F-11D3-BF4B-00C04F79EFBC}") = "Garsonum_Barcode", "Garsonum_Barcode\Garsonum_Barcode\Garsonum_Barcode.csproj", "{38CD4380-065F-4860-A412-5729D8B525C1}"
EndProject
Global
	GlobalSection(SolutionConfigurationPlatforms) = preSolution
		Ad-Hoc|Any CPU = Ad-Hoc|Any CPU
		Ad-Hoc|iPhone = Ad-Hoc|iPhone
		Ad-Hoc|iPhoneSimulator = Ad-Hoc|iPhoneSimulator
		AppStore|Any CPU = AppStore|Any CPU
		AppStore|iPhone = AppStore|iPhone
		AppStore|iPhoneSimulator = AppStore|iPhoneSimulator
		Debug|Any CPU = Debug|Any CPU
		Debug|iPhone = Debug|iPhone
		Debug|iPhoneSimulator = Debug|iPhoneSimulator
		Release|Any CPU = Release|Any CPU
		Release|iPhone = Release|iPhone
		Release|iPhoneSimulator = Release|iPhoneSimulator
	EndGlobalSection
	GlobalSection(ProjectConfigurationPlatforms) = postSolution
		{EDFE3A04-6B4B-44FB-B8D1-ABF8D3398322}.Ad-Hoc|Any CPU.ActiveCfg = Release|Any CPU
		{EDFE3A04-6B4B-44FB-B8D1-ABF8D3398322}.Ad-Hoc|Any CPU.Build.0 = Release|Any CPU
		{EDFE3A04-6B4B-44FB-B8D1-ABF8D3398322}.Ad-Hoc|Any CPU.Deploy.0 = Release|Any CPU
		{EDFE3A04-6B4B-44FB-B8D1-ABF8D3398322}.Ad-Hoc|iPhone.ActiveCfg = Release|Any CPU
		{EDFE3A04-6B4B-44FB-B8D1-ABF8D3398322}.Ad-Hoc|iPhone.Build.0 = Release|Any CPU
		{EDFE3A04-6B4B-44FB-B8D1-ABF8D3398322}.Ad-Hoc|iPhone.Deploy.0 = Release|Any CPU
		{EDFE3A04-6B4B-44FB-B8D1-ABF8D3398322}.Ad-Hoc|iPhoneSimulator.ActiveCfg = Release|Any CPU
		{EDFE3A04-6B4B-44FB-B8D1-ABF8D3398322}.Ad-Hoc|iPhoneSimulator.Build.0 = Release|Any CPU
		{EDFE3A04-6B4B-44FB-B8D1-ABF8D3398322}.Ad-Hoc|iPhoneSimulator.Deploy.0 = Release|Any CPU
		{EDFE3A04-6B4B-44FB-B8D1-ABF8D3398322}.AppStore|Any CPU.ActiveCfg = Release|Any CPU
		{EDFE3A04-6B4B-44FB-B8D1-ABF8D3398322}.AppStore|Any CPU.Build.0 = Release|Any CPU
		{EDFE3A04-6B4B-44FB-B8D1-ABF8D3398322}.AppStore|Any CPU.Deploy.0 = Release|Any CPU
		{EDFE3A04-6B4B-44FB-B8D1-ABF8D3398322}.AppStore|iPhone.ActiveCfg = Release|Any CPU
		{EDFE3A04-6B4B-44FB-B8D1-ABF8D3398322}.AppStore|iPhone.Build.0 = Release|Any CPU
		{EDFE3A04-6B4B-44FB-B8D1-ABF8D3398322}.AppStore|iPhone.Deploy.0 = Release|Any CPU
		{EDFE3A04-6B4B-44FB-B8D1-ABF8D3398322}.AppStore|iPhoneSimulator.ActiveCfg = Release|Any CPU
		{EDFE3A04-6B4B-44FB-B8D1-ABF8D3398322}.AppStore|iPhoneSimulator.Build.0 = Release|Any CPU
		{EDFE3A04-6B4B-44FB-B8D1-ABF8D3398322}.AppStore|iPhoneSimulator.Deploy.0 = Release|Any CPU
		{EDFE3A04-6B4B-44FB-B8D1-ABF8D3398322}.Debug|Any CPU.ActiveCfg = Debug|Any CPU
		{EDFE3A04-6B4B-44FB-B8D1-ABF8D3398322}.Debug|Any CPU.Build.0 = Debug|Any CPU
		{EDFE3A04-6B4B-44FB-B8D1-ABF8D3398322}.Debug|Any CPU.Deploy.0 = Debug|Any CPU
		{EDFE3A04-6B4B-44FB-B8D1-ABF8D3398322}.Debug|iPhone.ActiveCfg = Debug|Any CPU
		{EDFE3A04-6B4B-44FB-B8D1-ABF8D3398322}.Debug|iPhone.Build.0 = Debug|Any CPU
		{EDFE3A04-6B4B-44FB-B8D1-ABF8D3398322}.Debug|iPhone.Deploy.0 = Debug|Any CPU
		{EDFE3A04-6B4B-44FB-B8D1-ABF8D3398322}.Debug|iPhoneSimulator.ActiveCfg = Debug|Any CPU
		{EDFE3A04-6B4B-44FB-B8D1-ABF8D3398322}.Debug|iPhoneSimulator.Build.0 = Debug|Any CPU
		{EDFE3A04-6B4B-44FB-B8D1-ABF8D3398322}.Debug|iPhoneSimulator.Deploy.0 = Debug|Any CPU
		{EDFE3A04-6B4B-44FB-B8D1-ABF8D3398322}.Release|Any CPU.ActiveCfg = Release|Any CPU
		{EDFE3A04-6B4B-44FB-B8D1-ABF8D3398322}.Release|Any CPU.Build.0 = Release|Any CPU
		{EDFE3A04-6B4B-44FB-B8D1-ABF8D3398322}.Release|Any CPU.Deploy.0 = Release|Any CPU
		{EDFE3A04-6B4B-44FB-B8D1-ABF8D3398322}.Release|iPhone.ActiveCfg = Release|Any CPU
		{EDFE3A04-6B4B-44FB-B8D1-ABF8D3398322}.Release|iPhone.Build.0 = Release|Any CPU
		{EDFE3A04-6B4B-44FB-B8D1-ABF8D3398322}.Release|iPhone.Deploy.0 = Release|Any CPU
		{EDFE3A04-6B4B-44FB-B8D1-ABF8D3398322}.Release|iPhoneSimulator.ActiveCfg = Release|Any CPU
		{EDFE3A04-6B4B-44FB-B8D1-ABF8D3398322}.Release|iPhoneSimulator.Build.0 = Release|Any CPU
		{EDFE3A04-6B4B-44FB-B8D1-ABF8D3398322}.Release|iPhoneSimulator.Deploy.0 = Release|Any CPU
		{41796E6F-38C8-4D78-BC11-ABAE5EABF024}.Ad-Hoc|Any CPU.ActiveCfg = Ad-Hoc|iPhone
		{41796E6F-38C8-4D78-BC11-ABAE5EABF024}.Ad-Hoc|Any CPU.Build.0 = Ad-Hoc|iPhone
		{41796E6F-38C8-4D78-BC11-ABAE5EABF024}.Ad-Hoc|Any CPU.Deploy.0 = Ad-Hoc|iPhone
		{41796E6F-38C8-4D78-BC11-ABAE5EABF024}.Ad-Hoc|iPhone.ActiveCfg = Ad-Hoc|iPhone
		{41796E6F-38C8-4D78-BC11-ABAE5EABF024}.Ad-Hoc|iPhone.Build.0 = Ad-Hoc|iPhone
		{41796E6F-38C8-4D78-BC11-ABAE5EABF024}.Ad-Hoc|iPhone.Deploy.0 = Ad-Hoc|iPhone
		{41796E6F-38C8-4D78-BC11-ABAE5EABF024}.Ad-Hoc|iPhoneSimulator.ActiveCfg = Ad-Hoc|iPhoneSimulator
		{41796E6F-38C8-4D78-BC11-ABAE5EABF024}.Ad-Hoc|iPhoneSimulator.Build.0 = Ad-Hoc|iPhoneSimulator
		{41796E6F-38C8-4D78-BC11-ABAE5EABF024}.Ad-Hoc|iPhoneSimulator.Deploy.0 = Ad-Hoc|iPhoneSimulator
		{41796E6F-38C8-4D78-BC11-ABAE5EABF024}.AppStore|Any CPU.ActiveCfg = AppStore|iPhone
		{41796E6F-38C8-4D78-BC11-ABAE5EABF024}.AppStore|Any CPU.Build.0 = AppStore|iPhone
		{41796E6F-38C8-4D78-BC11-ABAE5EABF024}.AppStore|Any CPU.Deploy.0 = AppStore|iPhone
		{41796E6F-38C8-4D78-BC11-ABAE5EABF024}.AppStore|iPhone.ActiveCfg = AppStore|iPhone
		{41796E6F-38C8-4D78-BC11-ABAE5EABF024}.AppStore|iPhone.Build.0 = AppStore|iPhone
		{41796E6F-38C8-4D78-BC11-ABAE5EABF024}.AppStore|iPhone.Deploy.0 = AppStore|iPhone
		{41796E6F-38C8-4D78-BC11-ABAE5EABF024}.AppStore|iPhoneSimulator.ActiveCfg = AppStore|iPhoneSimulator
		{41796E6F-38C8-4D78-BC11-ABAE5EABF024}.AppStore|iPhoneSimulator.Build.0 = AppStore|iPhoneSimulator
		{41796E6F-38C8-4D78-BC11-ABAE5EABF024}.AppStore|iPhoneSimulator.Deploy.0 = AppStore|iPhoneSimulator
		{41796E6F-38C8-4D78-BC11-ABAE5EABF024}.Debug|Any CPU.ActiveCfg = Debug|iPhoneSimulator
		{41796E6F-38C8-4D78-BC11-ABAE5EABF024}.Debug|Any CPU.Build.0 = Debug|iPhoneSimulator
		{41796E6F-38C8-4D78-BC11-ABAE5EABF024}.Debug|Any CPU.Deploy.0 = Debug|iPhoneSimulator
		{41796E6F-38C8-4D78-BC11-ABAE5EABF024}.Debug|iPhone.ActiveCfg = Debug|iPhone
		{41796E6F-38C8-4D78-BC11-ABAE5EABF024}.Debug|iPhone.Build.0 = Debug|iPhone
		{41796E6F-38C8-4D78-BC11-ABAE5EABF024}.Debug|iPhone.Deploy.0 = Debug|iPhone
		{41796E6F-38C8-4D78-BC11-ABAE5EABF024}.Debug|iPhoneSimulator.ActiveCfg = Debug|iPhoneSimulator
		{41796E6F-38C8-4D78-BC11-ABAE5EABF024}.Debug|iPhoneSimulator.Build.0 = Debug|iPhoneSimulator
		{41796E6F-38C8-4D78-BC11-ABAE5EABF024}.Debug|iPhoneSimulator.Deploy.0 = Debug|iPhoneSimulator
		{41796E6F-38C8-4D78-BC11-ABAE5EABF024}.Release|Any CPU.ActiveCfg = Release|iPhone
		{41796E6F-38C8-4D78-BC11-ABAE5EABF024}.Release|Any CPU.Build.0 = Release|iPhone
		{41796E6F-38C8-4D78-BC11-ABAE5EABF024}.Release|Any CPU.Deploy.0 = Release|iPhone
		{41796E6F-38C8-4D78-BC11-ABAE5EABF024}.Release|iPhone.ActiveCfg = Release|iPhone
		{41796E6F-38C8-4D78-BC11-ABAE5EABF024}.Release|iPhone.Build.0 = Release|iPhone
		{41796E6F-38C8-4D78-BC11-ABAE5EABF024}.Release|iPhone.Deploy.0 = Release|iPhone
		{41796E6F-38C8-4D78-BC11-ABAE5EABF024}.Release|iPhoneSimulator.ActiveCfg = Release|iPhoneSimulator
		{41796E6F-38C8-4D78-BC11-ABAE5EABF024}.Release|iPhoneSimulator.Build.0 = Release|iPhoneSimulator
		{41796E6F-38C8-4D78-BC11-ABAE5EABF024}.Release|iPhoneSimulator.Deploy.0 = Release|iPhoneSimulator
		{38CD4380-065F-4860-A412-5729D8B525C1}.Ad-Hoc|Any CPU.ActiveCfg = Debug|Any CPU
		{38CD4380-065F-4860-A412-5729D8B525C1}.Ad-Hoc|Any CPU.Build.0 = Debug|Any CPU
		{38CD4380-065F-4860-A412-5729D8B525C1}.Ad-Hoc|Any CPU.Deploy.0 = Debug|Any CPU
		{38CD4380-065F-4860-A412-5729D8B525C1}.Ad-Hoc|iPhone.ActiveCfg = Debug|Any CPU
		{38CD4380-065F-4860-A412-5729D8B525C1}.Ad-Hoc|iPhone.Build.0 = Debug|Any CPU
		{38CD4380-065F-4860-A412-5729D8B525C1}.Ad-Hoc|iPhone.Deploy.0 = Debug|Any CPU
		{38CD4380-065F-4860-A412-5729D8B525C1}.Ad-Hoc|iPhoneSimulator.ActiveCfg = Debug|Any CPU
		{38CD4380-065F-4860-A412-5729D8B525C1}.Ad-Hoc|iPhoneSimulator.Build.0 = Debug|Any CPU
		{38CD4380-065F-4860-A412-5729D8B525C1}.Ad-Hoc|iPhoneSimulator.Deploy.0 = Debug|Any CPU
		{38CD4380-065F-4860-A412-5729D8B525C1}.AppStore|Any CPU.ActiveCfg = Debug|Any CPU
		{38CD4380-065F-4860-A412-5729D8B525C1}.AppStore|Any CPU.Build.0 = Debug|Any CPU
		{38CD4380-065F-4860-A412-5729D8B525C1}.AppStore|Any CPU.Deploy.0 = Debug|Any CPU
		{38CD4380-065F-4860-A412-5729D8B525C1}.AppStore|iPhone.ActiveCfg = Debug|Any CPU
		{38CD4380-065F-4860-A412-5729D8B525C1}.AppStore|iPhone.Build.0 = Debug|Any CPU
		{38CD4380-065F-4860-A412-5729D8B525C1}.AppStore|iPhone.Deploy.0 = Debug|Any CPU
		{38CD4380-065F-4860-A412-5729D8B525C1}.AppStore|iPhoneSimulator.ActiveCfg = Debug|Any CPU
		{38CD4380-065F-4860-A412-5729D8B525C1}.AppStore|iPhoneSimulator.Build.0 = Debug|Any CPU
		{38CD4380-065F-4860-A412-5729D8B525C1}.AppStore|iPhoneSimulator.Deploy.0 = Debug|Any CPU
		{38CD4380-065F-4860-A412-5729D8B525C1}.Debug|Any CPU.ActiveCfg = Debug|Any CPU
		{38CD4380-065F-4860-A412-5729D8B525C1}.Debug|Any CPU.Build.0 = Debug|Any CPU
		{38CD4380-065F-4860-A412-5729D8B525C1}.Debug|Any CPU.Deploy.0 = Debug|Any CPU
		{38CD4380-065F-4860-A412-5729D8B525C1}.Debug|iPhone.ActiveCfg = Debug|Any CPU
		{38CD4380-065F-4860-A412-5729D8B525C1}.Debug|iPhone.Build.0 = Debug|Any CPU
		{38CD4380-065F-4860-A412-5729D8B525C1}.Debug|iPhone.Deploy.0 = Debug|Any CPU
		{38CD4380-065F-4860-A412-5729D8B525C1}.Debug|iPhoneSimulator.ActiveCfg = Debug|Any CPU
		{38CD4380-065F-4860-A412-5729D8B525C1}.Debug|iPhoneSimulator.Build.0 = Debug|Any CPU
		{38CD4380-065F-4860-A412-5729D8B525C1}.Debug|iPhoneSimulator.Deploy.0 = Debug|Any CPU
		{38CD4380-065F-4860-A412-5729D8B525C1}.Release|Any CPU.ActiveCfg = Release|Any CPU
		{38CD4380-065F-4860-A412-5729D8B525C1}.Release|Any CPU.Build.0 = Release|Any CPU
		{38CD4380-065F-4860-A412-5729D8B525C1}.Release|Any CPU.Deploy.0 = Release|Any CPU
		{38CD4380-065F-4860-A412-5729D8B525C1}.Release|iPhone.ActiveCfg = Release|Any CPU
		{38CD4380-065F-4860-A412-5729D8B525C1}.Release|iPhone.Build.0 = Release|Any CPU
		{38CD4380-065F-4860-A412-5729D8B525C1}.Release|iPhone.Deploy.0 = Release|Any CPU
		{38CD4380-065F-4860-A412-5729D8B525C1}.Release|iPhoneSimulator.ActiveCfg = Release|Any CPU
		{38CD4380-065F-4860-A412-5729D8B525C1}.Release|iPhoneSimulator.Build.0 = Release|Any CPU
		{38CD4380-065F-4860-A412-5729D8B525C1}.Release|iPhoneSimulator.Deploy.0 = Release|Any CPU
	EndGlobalSection
	GlobalSection(SolutionProperties) = preSolution
		HideSolutionNode = FALSE
	EndGlobalSection
	GlobalSection(ExtensibilityGlobals) = postSolution
		SolutionGuid = {6198F44E-3D38-4C3B-BEF7-C254483E45C1}
	EndGlobalSection
EndGlobal
